
Microsoft Visual Studio Solution File, Format Version 12.00
# Visual Studio Version 16
VisualStudioVersion = 16.0.30002.166
MinimumVisualStudioVersion = 10.0.40219.1
Project("{FAE04EC0-301F-11D3-BF4B-00C04F79EFBC}") = "Zaliczenie", "Zaliczenie\Zaliczenie.csproj", "{A14BC2F1-71C6-4CBC-922C-21DC6CAA6551}"
EndProject
Global
	GlobalSection(SolutionConfigurationPlatforms) = preSolution
		Debug|Any CPU = Debug|Any CPU
		Release|Any CPU = Release|Any CPU
	EndGlobalSection
	GlobalSection(ProjectConfigurationPlatforms) = postSolution
		{A14BC2F1-71C6-4CBC-922C-21DC6CAA6551}.Debug|Any CPU.ActiveCfg = Debug|Any CPU
		{A14BC2F1-71C6-4CBC-922C-21DC6CAA6551}.Debug|Any CPU.Build.0 = Debug|Any CPU
		{A14BC2F1-71C6-4CBC-922C-21DC6CAA6551}.Release|Any CPU.ActiveCfg = Release|Any CPU
		{A14BC2F1-71C6-4CBC-922C-21DC6CAA6551}.Release|Any CPU.Build.0 = Release|Any CPU
	EndGlobalSection
	GlobalSection(SolutionProperties) = preSolution
		HideSolutionNode = FALSE
	EndGlobalSection
	GlobalSection(ExtensibilityGlobals) = postSolution
		SolutionGuid = {EF37B787-6164-4A9D-B07B-F2740B2363FC}
	EndGlobalSection
EndGlobal
